// !$*UTF8*$!
{
	archiveVersion = 1;
	classes = {
	};
	objectVersion = 46;
	objects = {

/* Begin PBXBuildFile section */
		3F67BF541B13480300CE62ED /* AppDelegate.swift in Sources */ = {isa = PBXBuildFile; fileRef = 3F67BF531B13480300CE62ED /* AppDelegate.swift */; };
		3F67BF561B13480300CE62ED /* ViewController.swift in Sources */ = {isa = PBXBuildFile; fileRef = 3F67BF551B13480300CE62ED /* ViewController.swift */; };
		3F67BF591B13480300CE62ED /* Main.storyboard in Resources */ = {isa = PBXBuildFile; fileRef = 3F67BF571B13480300CE62ED /* Main.storyboard */; };
		3F67BF5B1B13480300CE62ED /* Images.xcassets in Resources */ = {isa = PBXBuildFile; fileRef = 3F67BF5A1B13480300CE62ED /* Images.xcassets */; };
		3F67BF5E1B13480300CE62ED /* LaunchScreen.xib in Resources */ = {isa = PBXBuildFile; fileRef = 3F67BF5C1B13480300CE62ED /* LaunchScreen.xib */; };
		3F67BF6A1B13480300CE62ED /* wifiworldTests.swift in Sources */ = {isa = PBXBuildFile; fileRef = 3F67BF691B13480300CE62ED /* wifiworldTests.swift */; };
		3F67BF7B1B134BDB00CE62ED /* RecentViewController.swift in Sources */ = {isa = PBXBuildFile; fileRef = 3F67BF7A1B134BDB00CE62ED /* RecentViewController.swift */; };
		3F67BF7E1B134C6E00CE62ED /* Singleton.swift in Sources */ = {isa = PBXBuildFile; fileRef = 3F67BF7D1B134C6E00CE62ED /* Singleton.swift */; };
		3F67BF821B134D0E00CE62ED /* Singleton.m in Sources */ = {isa = PBXBuildFile; fileRef = 3F67BF811B134D0E00CE62ED /* Singleton.m */; };
		3F67BF851B134F1F00CE62ED /* libz.dylib in Frameworks */ = {isa = PBXBuildFile; fileRef = 3F67BF841B134F1F00CE62ED /* libz.dylib */; };
		3F67BF871B134F2D00CE62ED /* libstdc++.6.0.9.dylib in Frameworks */ = {isa = PBXBuildFile; fileRef = 3F67BF861B134F2D00CE62ED /* libstdc++.6.0.9.dylib */; };
		3F67BF891B134F3700CE62ED /* AddressBook.framework in Frameworks */ = {isa = PBXBuildFile; fileRef = 3F67BF881B134F3700CE62ED /* AddressBook.framework */; };
		3F67BF8B1B134F3F00CE62ED /* AVFoundation.framework in Frameworks */ = {isa = PBXBuildFile; fileRef = 3F67BF8A1B134F3F00CE62ED /* AVFoundation.framework */; };
		3F67BF8D1B134F4B00CE62ED /* AudioToolbox.framework in Frameworks */ = {isa = PBXBuildFile; fileRef = 3F67BF8C1B134F4B00CE62ED /* AudioToolbox.framework */; };
		3F95DA661B175297000EFE2A /* AMap.bundle in Resources */ = {isa = PBXBuildFile; fileRef = 3F95DA631B175297000EFE2A /* AMap.bundle */; };
		3F95DA671B175297000EFE2A /* AMapNavi.bundle in Resources */ = {isa = PBXBuildFile; fileRef = 3F95DA641B175297000EFE2A /* AMapNavi.bundle */; };
		3F95DA681B175297000EFE2A /* AMapNaviKit.framework in Frameworks */ = {isa = PBXBuildFile; fileRef = 3F95DA651B175297000EFE2A /* AMapNaviKit.framework */; };
		3FA5FC001B17560000DB9C6A /* libsqlite3.dylib in Frameworks */ = {isa = PBXBuildFile; fileRef = 3FA5FBFF1B1755FF00DB9C6A /* libsqlite3.dylib */; };
		3FA5FC061B1757D400DB9C6A /* BmobSDK.framework in Frameworks */ = {isa = PBXBuildFile; fileRef = 3FA5FC051B1757D400DB9C6A /* BmobSDK.framework */; };
		3FA5FC081B17590000DB9C6A /* libicucore.dylib in Frameworks */ = {isa = PBXBuildFile; fileRef = 3FA5FC071B17590000DB9C6A /* libicucore.dylib */; };
/* End PBXBuildFile section */

/* Begin PBXContainerItemProxy section */
		3F67BF641B13480300CE62ED /* PBXContainerItemProxy */ = {
			isa = PBXContainerItemProxy;
			containerPortal = 3F67BF461B13480300CE62ED /* Project object */;
			proxyType = 1;
			remoteGlobalIDString = 3F67BF4D1B13480300CE62ED;
			remoteInfo = wifiworld;
		};
/* End PBXContainerItemProxy section */

/* Begin PBXFileReference section */
		3F67BF4E1B13480300CE62ED /* wifiworld.app */ = {isa = PBXFileReference; explicitFileType = wrapper.application; includeInIndex = 0; path = wifiworld.app; sourceTree = BUILT_PRODUCTS_DIR; };
		3F67BF521B13480300CE62ED /* Info.plist */ = {isa = PBXFileReference; lastKnownFileType = text.plist.xml; path = Info.plist; sourceTree = "<group>"; };
		3F67BF531B13480300CE62ED /* AppDelegate.swift */ = {isa = PBXFileReference; lastKnownFileType = sourcecode.swift; path = AppDelegate.swift; sourceTree = "<group>"; };
		3F67BF551B13480300CE62ED /* ViewController.swift */ = {isa = PBXFileReference; lastKnownFileType = sourcecode.swift; path = ViewController.swift; sourceTree = "<group>"; };
		3F67BF581B13480300CE62ED /* Base */ = {isa = PBXFileReference; lastKnownFileType = file.storyboard; name = Base; path = Base.lproj/Main.storyboard; sourceTree = "<group>"; };
		3F67BF5A1B13480300CE62ED /* Images.xcassets */ = {isa = PBXFileReference; lastKnownFileType = folder.assetcatalog; path = Images.xcassets; sourceTree = "<group>"; };
		3F67BF5D1B13480300CE62ED /* Base */ = {isa = PBXFileReference; lastKnownFileType = file.xib; name = Base; path = Base.lproj/LaunchScreen.xib; sourceTree = "<group>"; };
		3F67BF631B13480300CE62ED /* wifiworldTests.xctest */ = {isa = PBXFileReference; explicitFileType = wrapper.cfbundle; includeInIndex = 0; path = wifiworldTests.xctest; sourceTree = BUILT_PRODUCTS_DIR; };
		3F67BF681B13480300CE62ED /* Info.plist */ = {isa = PBXFileReference; lastKnownFileType = text.plist.xml; path = Info.plist; sourceTree = "<group>"; };
		3F67BF691B13480300CE62ED /* wifiworldTests.swift */ = {isa = PBXFileReference; lastKnownFileType = sourcecode.swift; path = wifiworldTests.swift; sourceTree = "<group>"; };
		3F67BF7A1B134BDB00CE62ED /* RecentViewController.swift */ = {isa = PBXFileReference; fileEncoding = 4; lastKnownFileType = sourcecode.swift; path = RecentViewController.swift; sourceTree = "<group>"; };
		3F67BF7D1B134C6E00CE62ED /* Singleton.swift */ = {isa = PBXFileReference; fileEncoding = 4; lastKnownFileType = sourcecode.swift; path = Singleton.swift; sourceTree = "<group>"; };
		3F67BF801B134D0E00CE62ED /* Singleton.h */ = {isa = PBXFileReference; fileEncoding = 4; lastKnownFileType = sourcecode.c.h; path = Singleton.h; sourceTree = "<group>"; };
		3F67BF811B134D0E00CE62ED /* Singleton.m */ = {isa = PBXFileReference; fileEncoding = 4; lastKnownFileType = sourcecode.c.objc; path = Singleton.m; sourceTree = "<group>"; };
		3F67BF831B134D3100CE62ED /* wifiworld-Bridging-Header.h */ = {isa = PBXFileReference; fileEncoding = 4; lastKnownFileType = sourcecode.c.h; path = "wifiworld-Bridging-Header.h"; sourceTree = "<group>"; };
		3F67BF841B134F1F00CE62ED /* libz.dylib */ = {isa = PBXFileReference; lastKnownFileType = "compiled.mach-o.dylib"; name = libz.dylib; path = usr/lib/libz.dylib; sourceTree = SDKROOT; };
		3F67BF861B134F2D00CE62ED /* libstdc++.6.0.9.dylib */ = {isa = PBXFileReference; lastKnownFileType = "compiled.mach-o.dylib"; name = "libstdc++.6.0.9.dylib"; path = "usr/lib/libstdc++.6.0.9.dylib"; sourceTree = SDKROOT; };
		3F67BF881B134F3700CE62ED /* AddressBook.framework */ = {isa = PBXFileReference; lastKnownFileType = wrapper.framework; name = AddressBook.framework; path = System/Library/Frameworks/AddressBook.framework; sourceTree = SDKROOT; };
		3F67BF8A1B134F3F00CE62ED /* AVFoundation.framework */ = {isa = PBXFileReference; lastKnownFileType = wrapper.framework; name = AVFoundation.framework; path = System/Library/Frameworks/AVFoundation.framework; sourceTree = SDKROOT; };
		3F67BF8C1B134F4B00CE62ED /* AudioToolbox.framework */ = {isa = PBXFileReference; lastKnownFileType = wrapper.framework; name = AudioToolbox.framework; path = System/Library/Frameworks/AudioToolbox.framework; sourceTree = SDKROOT; };
		3F95DA631B175297000EFE2A /* AMap.bundle */ = {isa = PBXFileReference; lastKnownFileType = "wrapper.plug-in"; path = AMap.bundle; sourceTree = "<group>"; };
		3F95DA641B175297000EFE2A /* AMapNavi.bundle */ = {isa = PBXFileReference; lastKnownFileType = "wrapper.plug-in"; path = AMapNavi.bundle; sourceTree = "<group>"; };
		3F95DA651B175297000EFE2A /* AMapNaviKit.framework */ = {isa = PBXFileReference; lastKnownFileType = wrapper.framework; path = AMapNaviKit.framework; sourceTree = "<group>"; };
		3FA5FBFF1B1755FF00DB9C6A /* libsqlite3.dylib */ = {isa = PBXFileReference; lastKnownFileType = "compiled.mach-o.dylib"; name = libsqlite3.dylib; path = usr/lib/libsqlite3.dylib; sourceTree = SDKROOT; };
		3FA5FC051B1757D400DB9C6A /* BmobSDK.framework */ = {isa = PBXFileReference; lastKnownFileType = wrapper.framework; path = BmobSDK.framework; sourceTree = "<group>"; };
		3FA5FC071B17590000DB9C6A /* libicucore.dylib */ = {isa = PBXFileReference; lastKnownFileType = "compiled.mach-o.dylib"; name = libicucore.dylib; path = usr/lib/libicucore.dylib; sourceTree = SDKROOT; };
/* End PBXFileReference section */

/* Begin PBXFrameworksBuildPhase section */
		3F67BF4B1B13480300CE62ED /* Frameworks */ = {
			isa = PBXFrameworksBuildPhase;
			buildActionMask = 2147483647;
			files = (
				3FA5FC081B17590000DB9C6A /* libicucore.dylib in Frameworks */,
				3FA5FC001B17560000DB9C6A /* libsqlite3.dylib in Frameworks */,
				3F67BF8D1B134F4B00CE62ED /* AudioToolbox.framework in Frameworks */,
				3F67BF8B1B134F3F00CE62ED /* AVFoundation.framework in Frameworks */,
				3F67BF891B134F3700CE62ED /* AddressBook.framework in Frameworks */,
				3F67BF871B134F2D00CE62ED /* libstdc++.6.0.9.dylib in Frameworks */,
				3F67BF851B134F1F00CE62ED /* libz.dylib in Frameworks */,
				3F95DA681B175297000EFE2A /* AMapNaviKit.framework in Frameworks */,
				3FA5FC061B1757D400DB9C6A /* BmobSDK.framework in Frameworks */,
			);
			runOnlyForDeploymentPostprocessing = 0;
		};
		3F67BF601B13480300CE62ED /* Frameworks */ = {
			isa = PBXFrameworksBuildPhase;
			buildActionMask = 2147483647;
			files = (
			);
			runOnlyForDeploymentPostprocessing = 0;
		};
/* End PBXFrameworksBuildPhase section */

/* Begin PBXGroup section */
		3F67BF451B13480300CE62ED = {
			isa = PBXGroup;
			children = (
				3F67BF501B13480300CE62ED /* wifiworld */,
				3F67BF661B13480300CE62ED /* wifiworldTests */,
				3F67BF751B134B3200CE62ED /* Framework */,
				3F67BF4F1B13480300CE62ED /* Products */,
			);
			sourceTree = "<group>";
		};
		3F67BF4F1B13480300CE62ED /* Products */ = {
			isa = PBXGroup;
			children = (
				3F67BF4E1B13480300CE62ED /* wifiworld.app */,
				3F67BF631B13480300CE62ED /* wifiworldTests.xctest */,
			);
			name = Products;
			sourceTree = "<group>";
		};
		3F67BF501B13480300CE62ED /* wifiworld */ = {
			isa = PBXGroup;
			children = (
				3F67BF531B13480300CE62ED /* AppDelegate.swift */,
				3F67BF551B13480300CE62ED /* ViewController.swift */,
				3F67BF571B13480300CE62ED /* Main.storyboard */,
				3F67BF5A1B13480300CE62ED /* Images.xcassets */,
				3F67BF5C1B13480300CE62ED /* LaunchScreen.xib */,
				3F67BF771B134B8800CE62ED /* Recently */,
				3F67BF761B134B8800CE62ED /* MyInfo */,
				3F67BF7C1B134C5300CE62ED /* Singleton */,
				3F67BF511B13480300CE62ED /* Supporting Files */,
			);
			path = wifiworld;
			sourceTree = "<group>";
		};
		3F67BF511B13480300CE62ED /* Supporting Files */ = {
			isa = PBXGroup;
			children = (
				3F67BF831B134D3100CE62ED /* wifiworld-Bridging-Header.h */,
				3F67BF521B13480300CE62ED /* Info.plist */,
			);
			name = "Supporting Files";
			sourceTree = "<group>";
		};
		3F67BF661B13480300CE62ED /* wifiworldTests */ = {
			isa = PBXGroup;
			children = (
				3F67BF691B13480300CE62ED /* wifiworldTests.swift */,
				3F67BF671B13480300CE62ED /* Supporting Files */,
			);
			path = wifiworldTests;
			sourceTree = "<group>";
		};
		3F67BF671B13480300CE62ED /* Supporting Files */ = {
			isa = PBXGroup;
			children = (
				3F67BF681B13480300CE62ED /* Info.plist */,
			);
			name = "Supporting Files";
			sourceTree = "<group>";
		};
		3F67BF751B134B3200CE62ED /* Framework */ = {
			isa = PBXGroup;
			children = (
				3FA5FC041B1757D400DB9C6A /* Bmob_SDK_iOS_v1.5.7 */,
				3F95DA621B175297000EFE2A /* AMap_SDK */,
				3F67BF8C1B134F4B00CE62ED /* AudioToolbox.framework */,
				3F67BF8A1B134F3F00CE62ED /* AVFoundation.framework */,
				3F67BF881B134F3700CE62ED /* AddressBook.framework */,
				3F67BF861B134F2D00CE62ED /* libstdc++.6.0.9.dylib */,
				3F67BF841B134F1F00CE62ED /* libz.dylib */,
				3FA5FBFF1B1755FF00DB9C6A /* libsqlite3.dylib */,
				3FA5FC071B17590000DB9C6A /* libicucore.dylib */,
			);
			name = Framework;
			sourceTree = "<group>";
		};
		3F67BF761B134B8800CE62ED /* MyInfo */ = {
			isa = PBXGroup;
			children = (
			);
			path = MyInfo;
			sourceTree = "<group>";
		};
		3F67BF771B134B8800CE62ED /* Recently */ = {
			isa = PBXGroup;
			children = (
				3F67BF7A1B134BDB00CE62ED /* RecentViewController.swift */,
			);
			path = Recently;
			sourceTree = "<group>";
		};
		3F67BF7C1B134C5300CE62ED /* Singleton */ = {
			isa = PBXGroup;
			children = (
				3F67BF7D1B134C6E00CE62ED /* Singleton.swift */,
				3F67BF801B134D0E00CE62ED /* Singleton.h */,
				3F67BF811B134D0E00CE62ED /* Singleton.m */,
			);
			path = Singleton;
			sourceTree = "<group>";
		};
		3F95DA621B175297000EFE2A /* AMap_SDK */ = {
			isa = PBXGroup;
			children = (
				3F95DA631B175297000EFE2A /* AMap.bundle */,
				3F95DA641B175297000EFE2A /* AMapNavi.bundle */,
				3F95DA651B175297000EFE2A /* AMapNaviKit.framework */,
			);
			name = AMap_SDK;
			path = wifiworld/AMap_SDK;
			sourceTree = "<group>";
		};
		3FA5FC041B1757D400DB9C6A /* Bmob_SDK_iOS_v1.5.7 */ = {
			isa = PBXGroup;
			children = (
				3FA5FC051B1757D400DB9C6A /* BmobSDK.framework */,
			);
			name = Bmob_SDK_iOS_v1.5.7;
			path = wifiworld/Bmob_SDK_iOS_v1.5.7;
			sourceTree = "<group>";
		};
/* End PBXGroup section */

/* Begin PBXNativeTarget section */
		3F67BF4D1B13480300CE62ED /* wifiworld */ = {
			isa = PBXNativeTarget;
			buildConfigurationList = 3F67BF6D1B13480300CE62ED /* Build configuration list for PBXNativeTarget "wifiworld" */;
			buildPhases = (
				3F67BF4A1B13480300CE62ED /* Sources */,
				3F67BF4B1B13480300CE62ED /* Frameworks */,
				3F67BF4C1B13480300CE62ED /* Resources */,
			);
			buildRules = (
			);
			dependencies = (
			);
			name = wifiworld;
			productName = wifiworld;
			productReference = 3F67BF4E1B13480300CE62ED /* wifiworld.app */;
			productType = "com.apple.product-type.application";
		};
		3F67BF621B13480300CE62ED /* wifiworldTests */ = {
			isa = PBXNativeTarget;
			buildConfigurationList = 3F67BF701B13480300CE62ED /* Build configuration list for PBXNativeTarget "wifiworldTests" */;
			buildPhases = (
				3F67BF5F1B13480300CE62ED /* Sources */,
				3F67BF601B13480300CE62ED /* Frameworks */,
				3F67BF611B13480300CE62ED /* Resources */,
			);
			buildRules = (
			);
			dependencies = (
				3F67BF651B13480300CE62ED /* PBXTargetDependency */,
			);
			name = wifiworldTests;
			productName = wifiworldTests;
			productReference = 3F67BF631B13480300CE62ED /* wifiworldTests.xctest */;
			productType = "com.apple.product-type.bundle.unit-test";
		};
/* End PBXNativeTarget section */

/* Begin PBXProject section */
		3F67BF461B13480300CE62ED /* Project object */ = {
			isa = PBXProject;
			attributes = {
				LastUpgradeCheck = 0630;
				ORGANIZATIONNAME = com.anynet;
				TargetAttributes = {
					3F67BF4D1B13480300CE62ED = {
						CreatedOnToolsVersion = 6.3.1;
						DevelopmentTeam = 9YERX8R8LX;
					};
					3F67BF621B13480300CE62ED = {
						CreatedOnToolsVersion = 6.3.1;
						TestTargetID = 3F67BF4D1B13480300CE62ED;
					};
				};
			};
			buildConfigurationList = 3F67BF491B13480300CE62ED /* Build configuration list for PBXProject "wifiworld" */;
			compatibilityVersion = "Xcode 3.2";
			developmentRegion = English;
			hasScannedForEncodings = 0;
			knownRegions = (
				en,
				Base,
			);
			mainGroup = 3F67BF451B13480300CE62ED;
			productRefGroup = 3F67BF4F1B13480300CE62ED /* Products */;
			projectDirPath = "";
			projectRoot = "";
			targets = (
				3F67BF4D1B13480300CE62ED /* wifiworld */,
				3F67BF621B13480300CE62ED /* wifiworldTests */,
			);
		};
/* End PBXProject section */

/* Begin PBXResourcesBuildPhase section */
		3F67BF4C1B13480300CE62ED /* Resources */ = {
			isa = PBXResourcesBuildPhase;
			buildActionMask = 2147483647;
			files = (
				3F67BF591B13480300CE62ED /* Main.storyboard in Resources */,
				3F95DA671B175297000EFE2A /* AMapNavi.bundle in Resources */,
				3F67BF5E1B13480300CE62ED /* LaunchScreen.xib in Resources */,
				3F95DA661B175297000EFE2A /* AMap.bundle in Resources */,
				3F67BF5B1B13480300CE62ED /* Images.xcassets in Resources */,
			);
			runOnlyForDeploymentPostprocessing = 0;
		};
		3F67BF611B13480300CE62ED /* Resources */ = {
			isa = PBXResourcesBuildPhase;
			buildActionMask = 2147483647;
			files = (
			);
			runOnlyForDeploymentPostprocessing = 0;
		};
/* End PBXResourcesBuildPhase section */

/* Begin PBXSourcesBuildPhase section */
		3F67BF4A1B13480300CE62ED /* Sources */ = {
			isa = PBXSourcesBuildPhase;
			buildActionMask = 2147483647;
			files = (
				3F67BF7B1B134BDB00CE62ED /* RecentViewController.swift in Sources */,
				3F67BF7E1B134C6E00CE62ED /* Singleton.swift in Sources */,
				3F67BF561B13480300CE62ED /* ViewController.swift in Sources */,
				3F67BF541B13480300CE62ED /* AppDelegate.swift in Sources */,
				3F67BF821B134D0E00CE62ED /* Singleton.m in Sources */,
			);
			runOnlyForDeploymentPostprocessing = 0;
		};
		3F67BF5F1B13480300CE62ED /* Sources */ = {
			isa = PBXSourcesBuildPhase;
			buildActionMask = 2147483647;
			files = (
				3F67BF6A1B13480300CE62ED /* wifiworldTests.swift in Sources */,
			);
			runOnlyForDeploymentPostprocessing = 0;
		};
/* End PBXSourcesBuildPhase section */

/* Begin PBXTargetDependency section */
		3F67BF651B13480300CE62ED /* PBXTargetDependency */ = {
			isa = PBXTargetDependency;
			target = 3F67BF4D1B13480300CE62ED /* wifiworld */;
			targetProxy = 3F67BF641B13480300CE62ED /* PBXContainerItemProxy */;
		};
/* End PBXTargetDependency section */

/* Begin PBXVariantGroup section */
		3F67BF571B13480300CE62ED /* Main.storyboard */ = {
			isa = PBXVariantGroup;
			children = (
				3F67BF581B13480300CE62ED /* Base */,
			);
			name = Main.storyboard;
			sourceTree = "<group>";
		};
		3F67BF5C1B13480300CE62ED /* LaunchScreen.xib */ = {
			isa = PBXVariantGroup;
			children = (
				3F67BF5D1B13480300CE62ED /* Base */,
			);
			name = LaunchScreen.xib;
			sourceTree = "<group>";
		};
/* End PBXVariantGroup section */

/* Begin XCBuildConfiguration section */
		3F67BF6B1B13480300CE62ED /* Debug */ = {
			isa = XCBuildConfiguration;
			buildSettings = {
				ALWAYS_SEARCH_USER_PATHS = NO;
				CLANG_CXX_LANGUAGE_STANDARD = "gnu++0x";
				CLANG_CXX_LIBRARY = "libc++";
				CLANG_ENABLE_MODULES = YES;
				CLANG_ENABLE_OBJC_ARC = YES;
				CLANG_WARN_BOOL_CONVERSION = YES;
				CLANG_WARN_CONSTANT_CONVERSION = YES;
				CLANG_WARN_DIRECT_OBJC_ISA_USAGE = YES_ERROR;
				CLANG_WARN_EMPTY_BODY = YES;
				CLANG_WARN_ENUM_CONVERSION = YES;
				CLANG_WARN_INT_CONVERSION = YES;
				CLANG_WARN_OBJC_ROOT_CLASS = YES_ERROR;
				CLANG_WARN_UNREACHABLE_CODE = YES;
				CLANG_WARN__DUPLICATE_METHOD_MATCH = YES;
				"CODE_SIGN_IDENTITY[sdk=iphoneos*]" = "iPhone Developer";
				COPY_PHASE_STRIP = NO;
				DEBUG_INFORMATION_FORMAT = "dwarf-with-dsym";
				ENABLE_STRICT_OBJC_MSGSEND = YES;
				GCC_C_LANGUAGE_STANDARD = gnu99;
				GCC_DYNAMIC_NO_PIC = NO;
				GCC_NO_COMMON_BLOCKS = YES;
				GCC_OPTIMIZATION_LEVEL = 0;
				GCC_PREPROCESSOR_DEFINITIONS = (
					"DEBUG=1",
					"$(inherited)",
				);
				GCC_SYMBOLS_PRIVATE_EXTERN = NO;
				GCC_WARN_64_TO_32_BIT_CONVERSION = YES;
				GCC_WARN_ABOUT_RETURN_TYPE = YES_ERROR;
				GCC_WARN_UNDECLARED_SELECTOR = YES;
				GCC_WARN_UNINITIALIZED_AUTOS = YES_AGGRESSIVE;
				GCC_WARN_UNUSED_FUNCTION = YES;
				GCC_WARN_UNUSED_VARIABLE = YES;
				IPHONEOS_DEPLOYMENT_TARGET = 8.3;
				MTL_ENABLE_DEBUG_INFO = YES;
				ONLY_ACTIVE_ARCH = YES;
				SDKROOT = iphoneos;
				SWIFT_OPTIMIZATION_LEVEL = "-Onone";
				TARGETED_DEVICE_FAMILY = "1,2";
			};
			name = Debug;
		};
		3F67BF6C1B13480300CE62ED /* Release */ = {
			isa = XCBuildConfiguration;
			buildSettings = {
				ALWAYS_SEARCH_USER_PATHS = NO;
				CLANG_CXX_LANGUAGE_STANDARD = "gnu++0x";
				CLANG_CXX_LIBRARY = "libc++";
				CLANG_ENABLE_MODULES = YES;
				CLANG_ENABLE_OBJC_ARC = YES;
				CLANG_WARN_BOOL_CONVERSION = YES;
				CLANG_WARN_CONSTANT_CONVERSION = YES;
				CLANG_WARN_DIRECT_OBJC_ISA_USAGE = YES_ERROR;
				CLANG_WARN_EMPTY_BODY = YES;
				CLANG_WARN_ENUM_CONVERSION = YES;
				CLANG_WARN_INT_CONVERSION = YES;
				CLANG_WARN_OBJC_ROOT_CLASS = YES_ERROR;
				CLANG_WARN_UNREACHABLE_CODE = YES;
				CLANG_WARN__DUPLICATE_METHOD_MATCH = YES;
				"CODE_SIGN_IDENTITY[sdk=iphoneos*]" = "iPhone Developer";
				COPY_PHASE_STRIP = NO;
				DEBUG_INFORMATION_FORMAT = "dwarf-with-dsym";
				ENABLE_NS_ASSERTIONS = NO;
				ENABLE_STRICT_OBJC_MSGSEND = YES;
				GCC_C_LANGUAGE_STANDARD = gnu99;
				GCC_NO_COMMON_BLOCKS = YES;
				GCC_WARN_64_TO_32_BIT_CONVERSION = YES;
				GCC_WARN_ABOUT_RETURN_TYPE = YES_ERROR;
				GCC_WARN_UNDECLARED_SELECTOR = YES;
				GCC_WARN_UNINITIALIZED_AUTOS = YES_AGGRESSIVE;
				GCC_WARN_UNUSED_FUNCTION = YES;
				GCC_WARN_UNUSED_VARIABLE = YES;
				IPHONEOS_DEPLOYMENT_TARGET = 8.3;
				MTL_ENABLE_DEBUG_INFO = NO;
				SDKROOT = iphoneos;
				TARGETED_DEVICE_FAMILY = "1,2";
				VALIDATE_PRODUCT = YES;
			};
			name = Release;
		};
		3F67BF6E1B13480300CE62ED /* Debug */ = {
			isa = XCBuildConfiguration;
			buildSettings = {
				ASSETCATALOG_COMPILER_APPICON_NAME = AppIcon;
				CLANG_ENABLE_MODULES = YES;
				CODE_SIGN_IDENTITY = "iPhone Developer";
				"CODE_SIGN_IDENTITY[sdk=iphoneos*]" = "iPhone Developer";
				FRAMEWORK_SEARCH_PATHS = (
					"$(inherited)",
					"$(PROJECT_DIR)",
					"$(PROJECT_DIR)/wifiworld/AMap_SDK",
					"$(PROJECT_DIR)/wifiworld/Bmob_SDK_iOS_v1.5.7",
				);
				INFOPLIST_FILE = wifiworld/Info.plist;
				LD_RUNPATH_SEARCH_PATHS = "$(inherited) @executable_path/Frameworks";
				PRODUCT_NAME = "$(TARGET_NAME)";
				PROVISIONING_PROFILE = "";
				SWIFT_OBJC_BRIDGING_HEADER = "wifiworld/wifiworld-Bridging-Header.h";
				SWIFT_OPTIMIZATION_LEVEL = "-Onone";
			};
			name = Debug;
		};
		3F67BF6F1B13480300CE62ED /* Release */ = {
			isa = XCBuildConfiguration;
			buildSettings = {
				ASSETCATALOG_COMPILER_APPICON_NAME = AppIcon;
				CLANG_ENABLE_MODULES = YES;
				CODE_SIGN_IDENTITY = "iPhone Developer";
				"CODE_SIGN_IDENTITY[sdk=iphoneos*]" = "iPhone Developer";
				FRAMEWORK_SEARCH_PATHS = (
					"$(inherited)",
					"$(PROJECT_DIR)",
					"$(PROJECT_DIR)/wifiworld/AMap_SDK",
					"$(PROJECT_DIR)/wifiworld/Bmob_SDK_iOS_v1.5.7",
				);
				INFOPLIST_FILE = wifiworld/Info.plist;
				LD_RUNPATH_SEARCH_PATHS = "$(inherited) @executable_path/Frameworks";
				PRODUCT_NAME = "$(TARGET_NAME)";
				PROVISIONING_PROFILE = "";
				SWIFT_OBJC_BRIDGING_HEADER = "wifiworld/wifiworld-Bridging-Header.h";
			};
			name = Release;
		};
		3F67BF711B13480300CE62ED /* Debug */ = {
			isa = XCBuildConfiguration;
			buildSettings = {
				BUNDLE_LOADER = "$(TEST_HOST)";
				FRAMEWORK_SEARCH_PATHS = (
					"$(SDKROOT)/Developer/Library/Frameworks",
					"$(inherited)",
				);
				GCC_PREPROCESSOR_DEFINITIONS = (
					"DEBUG=1",
					"$(inherited)",
				);
				INFOPLIST_FILE = wifiworldTests/Info.plist;
				LD_RUNPATH_SEARCH_PATHS = "$(inherited) @executable_path/Frameworks @loader_path/Frameworks";
				PRODUCT_NAME = "$(TARGET_NAME)";
				TEST_HOST = "$(BUILT_PRODUCTS_DIR)/wifiworld.app/wifiworld";
			};
			name = Debug;
		};
		3F67BF721B13480300CE62ED /* Release */ = {
			isa = XCBuildConfiguration;
			buildSettings = {
				BUNDLE_LOADER = "$(TEST_HOST)";
				FRAMEWORK_SEARCH_PATHS = (
					"$(SDKROOT)/Developer/Library/Frameworks",
					"$(inherited)",
				);
				INFOPLIST_FILE = wifiworldTests/Info.plist;
				LD_RUNPATH_SEARCH_PATHS = "$(inherited) @executable_path/Frameworks @loader_path/Frameworks";
				PRODUCT_NAME = "$(TARGET_NAME)";
				TEST_HOST = "$(BUILT_PRODUCTS_DIR)/wifiworld.app/wifiworld";
			};
			name = Release;
		};
/* End XCBuildConfiguration section */

/* Begin XCConfigurationList section */
		3F67BF491B13480300CE62ED /* Build configuration list for PBXProject "wifiworld" */ = {
			isa = XCConfigurationList;
			buildConfigurations = (
				3F67BF6B1B13480300CE62ED /* Debug */,
				3F67BF6C1B13480300CE62ED /* Release */,
			);
			defaultConfigurationIsVisible = 0;
			defaultConfigurationName = Release;
		};
		3F67BF6D1B13480300CE62ED /* Build configuration list for PBXNativeTarget "wifiworld" */ = {
			isa = XCConfigurationList;
			buildConfigurations = (
				3F67BF6E1B13480300CE62ED /* Debug */,
				3F67BF6F1B13480300CE62ED /* Release */,
			);
			defaultConfigurationIsVisible = 0;
			defaultConfigurationName = Release;
		};
		3F67BF701B13480300CE62ED /* Build configuration list for PBXNativeTarget "wifiworldTests" */ = {
			isa = XCConfigurationList;
			buildConfigurations = (
				3F67BF711B13480300CE62ED /* Debug */,
				3F67BF721B13480300CE62ED /* Release */,
			);
			defaultConfigurationIsVisible = 0;
			defaultConfigurationName = Release;
		};
/* End XCConfigurationList section */
	};
	rootObject = 3F67BF461B13480300CE62ED /* Project object */;
}
